
Microsoft Visual Studio Solution File, Format Version 12.00
# Visual Studio Version 17
VisualStudioVersion = 17.6.33815.320
MinimumVisualStudioVersion = 10.0.40219.1
Project("{FAE04EC0-301F-11D3-BF4B-00C04F79EFBC}") = "Assesment18_SQLQuery18_Fiddler18", "Assesment18_SQLQuery18_Fiddler18\Assesment18_SQLQuery18_Fiddler18.csproj", "{B148DD34-894E-4B1B-91A3-A061F22F2532}"
EndProject
Global
	GlobalSection(SolutionConfigurationPlatforms) = preSolution
		Debug|Any CPU = Debug|Any CPU
		Release|Any CPU = Release|Any CPU
	EndGlobalSection
	GlobalSection(ProjectConfigurationPlatforms) = postSolution
		{B148DD34-894E-4B1B-91A3-A061F22F2532}.Debug|Any CPU.ActiveCfg = Debug|Any CPU
		{B148DD34-894E-4B1B-91A3-A061F22F2532}.Debug|Any CPU.Build.0 = Debug|Any CPU
		{B148DD34-894E-4B1B-91A3-A061F22F2532}.Release|Any CPU.ActiveCfg = Release|Any CPU
		{B148DD34-894E-4B1B-91A3-A061F22F2532}.Release|Any CPU.Build.0 = Release|Any CPU
	EndGlobalSection
	GlobalSection(SolutionProperties) = preSolution
		HideSolutionNode = FALSE
	EndGlobalSection
	GlobalSection(ExtensibilityGlobals) = postSolution
		SolutionGuid = {51C064D0-F1C3-4990-9578-8531AA09A4A3}
	EndGlobalSection
EndGlobal
